
Microsoft Visual Studio Solution File, Format Version 12.00
# Visual Studio Version 17
VisualStudioVersion = 17.8.34511.84
MinimumVisualStudioVersion = 10.0.40219.1
Project("{FAE04EC0-301F-11D3-BF4B-00C04F79EFBC}") = "DataReaderSTUDENT", "DataReaderSTUDENT\DataReaderSTUDENT.csproj", "{A1CF0537-ECDF-4A5C-AFE5-406A86058889}"
EndProject
Global
	GlobalSection(SolutionConfigurationPlatforms) = preSolution
		Debug|Any CPU = Debug|Any CPU
		Release|Any CPU = Release|Any CPU
	EndGlobalSection
	GlobalSection(ProjectConfigurationPlatforms) = postSolution
		{A1CF0537-ECDF-4A5C-AFE5-406A86058889}.Debug|Any CPU.ActiveCfg = Debug|Any CPU
		{A1CF0537-ECDF-4A5C-AFE5-406A86058889}.Debug|Any CPU.Build.0 = Debug|Any CPU
		{A1CF0537-ECDF-4A5C-AFE5-406A86058889}.Release|Any CPU.ActiveCfg = Release|Any CPU
		{A1CF0537-ECDF-4A5C-AFE5-406A86058889}.Release|Any CPU.Build.0 = Release|Any CPU
	EndGlobalSection
	GlobalSection(SolutionProperties) = preSolution
		HideSolutionNode = FALSE
	EndGlobalSection
	GlobalSection(ExtensibilityGlobals) = postSolution
		SolutionGuid = {E02DBEC3-EC36-4CDA-9DC7-13B44039F8BC}
	EndGlobalSection
EndGlobal
